<?xml version="1.0" encoding="utf-8"?>
<Project ToolsVersion="4.0" xmlns="http://schemas.microsoft.com/developer/msbuild/2003">
  <ItemGroup>
    <Filter Include="소스 파일">
      <UniqueIdentifier>{4FC737F1-C7A5-4376-A066-2A32D752A2FF}</UniqueIdentifier>
      <Extensions>cpp;c;cc;cxx;def;odl;idl;hpj;bat;asm;asmx</Extensions>
    </Filter>
    <Filter Include="헤더 파일">
      <UniqueIdentifier>{93995380-89BD-4b04-88EB-625FBE52EBFB}</UniqueIdentifier>
      <Extensions>h;hpp;hxx;hm;inl;inc;xsd</Extensions>
    </Filter>
    <Filter Include="리소스 파일">
      <UniqueIdentifier>{67DA6AB6-F800-4c08-8B7A-83BB121AAD01}</UniqueIdentifier>
      <Extensions>rc;ico;cur;bmp;dlg;rc2;rct;bin;rgs;gif;jpg;jpeg;jpe;resx;tiff;tif;png;wav;mfcribbon-ms</Extensions>
    </Filter>
  </ItemGroup>
  <ItemGroup>
    <None Include="ReadMe.txt" />
    <None Include="UserImages.bmp">
      <Filter>리소스 파일</Filter>
    </None>
    <None Include="res\JungSangE_DSP.rc2">
      <Filter>리소스 파일</Filter>
    </None>
    <None Include="res\JungSangE_DSPDoc.ico">
      <Filter>리소스 파일</Filter>
    </None>
    <None Include="res\JungSangE_DSP.ico">
      <Filter>리소스 파일</Filter>
    </None>
    <None Include="res\Toolbar.bmp">
      <Filter>리소스 파일</Filter>
    </None>
    <None Include="res\Toolbar256.bmp">
      <Filter>리소스 파일</Filter>
    </None>
  </ItemGroup>
  <ItemGroup>
    <ClInclude Include="JungSangE_DSP.h">
      <Filter>헤더 파일</Filter>
    </ClInclude>
    <ClInclude Include="stdafx.h">
      <Filter>헤더 파일</Filter>
    </ClInclude>
    <ClInclude Include="targetver.h">
      <Filter>헤더 파일</Filter>
    </ClInclude>
    <ClInclude Include="MainFrm.h">
      <Filter>헤더 파일</Filter>
    </ClInclude>
    <ClInclude Include="JungSangE_DSPDoc.h">
      <Filter>헤더 파일</Filter>
    </ClInclude>
    <ClInclude Include="JungSangE_DSPView.h">
      <Filter>헤더 파일</Filter>
    </ClInclude>
    <ClInclude Include="Resource.h">
      <Filter>헤더 파일</Filter>
    </ClInclude>
    <ClInclude Include="Draw_XY.h">
      <Filter>헤더 파일</Filter>
    </ClInclude>
    <ClInclude Include="Draw_Signal.h">
      <Filter>헤더 파일</Filter>
    </ClInclude>
    <ClInclude Include="AdjMax.h">
      <Filter>헤더 파일</Filter>
    </ClInclude>
    <ClInclude Include="Convolution.h">
      <Filter>헤더 파일</Filter>
    </ClInclude>
    <ClInclude Include="Set_Signal.h">
      <Filter>헤더 파일</Filter>
    </ClInclude>
    <ClInclude Include="Fourier_Transform.h">
      <Filter>헤더 파일</Filter>
    </ClInclude>
    <ClInclude Include="Correlation.h">
      <Filter>헤더 파일</Filter>
    </ClInclude>
    <ClInclude Include="Set_Filter.h">
      <Filter>헤더 파일</Filter>
    </ClInclude>
    <ClInclude Include="Input_Signal.h">
      <Filter>헤더 파일</Filter>
    </ClInclude>
    <ClInclude Include="Digital_Filter.h">
      <Filter>헤더 파일</Filter>
    </ClInclude>
  </ItemGroup>
  <ItemGroup>
    <ClCompile Include="JungSangE_DSP.cpp">
      <Filter>소스 파일</Filter>
    </ClCompile>
    <ClCompile Include="stdafx.cpp">
      <Filter>소스 파일</Filter>
    </ClCompile>
    <ClCompile Include="MainFrm.cpp">
      <Filter>소스 파일</Filter>
    </ClCompile>
    <ClCompile Include="JungSangE_DSPDoc.cpp">
      <Filter>소스 파일</Filter>
    </ClCompile>
    <ClCompile Include="JungSangE_DSPView.cpp">
      <Filter>소스 파일</Filter>
    </ClCompile>
    <ClCompile Include="Draw_XY.cpp">
      <Filter>소스 파일</Filter>
    </ClCompile>
    <ClCompile Include="Draw_Signal.cpp">
      <Filter>소스 파일</Filter>
    </ClCompile>
    <ClCompile Include="AdjMax.cpp">
      <Filter>소스 파일</Filter>
    </ClCompile>
    <ClCompile Include="Convolution.cpp">
      <Filter>소스 파일</Filter>
    </ClCompile>
    <ClCompile Include="Set_Signal.cpp">
      <Filter>소스 파일</Filter>
    </ClCompile>
    <ClCompile Include="Fourier_Transform.cpp">
      <Filter>소스 파일</Filter>
    </ClCompile>
    <ClCompile Include="Correlation.cpp">
      <Filter>소스 파일</Filter>
    </ClCompile>
    <ClCompile Include="Set_Filter.cpp">
      <Filter>소스 파일</Filter>
    </ClCompile>
    <ClCompile Include="Input_Signal.cpp">
      <Filter>소스 파일</Filter>
    </ClCompile>
    <ClCompile Include="Digital_Filter.cpp">
      <Filter>소스 파일</Filter>
    </ClCompile>
  </ItemGroup>
  <ItemGroup>
    <ResourceCompile Include="JungSangE_DSP.rc">
      <Filter>리소스 파일</Filter>
    </ResourceCompile>
  </ItemGroup>
</Project>